// !$*UTF8*$!
{
	archiveVersion = 1;
	classes = {
	};
	objectVersion = 46;
	objects = {

/* Begin PBXBuildFile section */
		065407295805CA8058A25EBF /* Pods_ventureUITests.framework in Frameworks */ = {isa = PBXBuildFile; fileRef = 2C4E1484D99A0C6ADF021202 /* Pods_ventureUITests.framework */; };
		07010DEAFC6FE4178310676C /* Pods_venture.framework in Frameworks */ = {isa = PBXBuildFile; fileRef = F469BE1278DCFDE718244A68 /* Pods_venture.framework */; };
		A824F923A8AD1303D5A97F6E /* Pods_ventureTests.framework in Frameworks */ = {isa = PBXBuildFile; fileRef = 425556A4BAE6A2E6B0AA0DA2 /* Pods_ventureTests.framework */; };
		B50512AC1E70F3C3003F8ACA /* flights.storyboard in Resources */ = {isa = PBXBuildFile; fileRef = B50512AB1E70F3C3003F8ACA /* flights.storyboard */; };
		B50512AE1E70F3CA003F8ACA /* places.storyboard in Resources */ = {isa = PBXBuildFile; fileRef = B50512AD1E70F3CA003F8ACA /* places.storyboard */; };
		B50512B01E70F3D4003F8ACA /* food.storyboard in Resources */ = {isa = PBXBuildFile; fileRef = B50512AF1E70F3D4003F8ACA /* food.storyboard */; };
		B505716D1E96FFED00AD7B29 /* EventDetailsVC.swift in Sources */ = {isa = PBXBuildFile; fileRef = B505716C1E96FFED00AD7B29 /* EventDetailsVC.swift */; };
		B5072E151E7F253900BF4F82 /* TripPageVC.swift in Sources */ = {isa = PBXBuildFile; fileRef = B5072E141E7F253900BF4F82 /* TripPageVC.swift */; };
		B5072E191E7F25B800BF4F82 /* ItineraryVC.swift in Sources */ = {isa = PBXBuildFile; fileRef = B5072E181E7F25B800BF4F82 /* ItineraryVC.swift */; };
		B50AEC751E7BC10300213CF3 /* blurBack.png in Resources */ = {isa = PBXBuildFile; fileRef = B50AEC741E7BC10300213CF3 /* blurBack.png */; };
		B50AEC771E7BC33D00213CF3 /* trip.storyboard in Resources */ = {isa = PBXBuildFile; fileRef = B50AEC761E7BC33D00213CF3 /* trip.storyboard */; };
		B51CD6401E98A73F009F2615 /* back3.png in Resources */ = {isa = PBXBuildFile; fileRef = B51CD63F1E98A73F009F2615 /* back3.png */; };
		B51CD6421E98A7BE009F2615 /* back2.jpg in Resources */ = {isa = PBXBuildFile; fileRef = B51CD6411E98A7BE009F2615 /* back2.jpg */; };
		B53B29851E85CE25001974A5 /* AddEventVC.swift in Sources */ = {isa = PBXBuildFile; fileRef = B53B29841E85CE25001974A5 /* AddEventVC.swift */; };
		B54593D31E91BE2100308A14 /* ItineraryCellVC.swift in Sources */ = {isa = PBXBuildFile; fileRef = B54593D21E91BE2100308A14 /* ItineraryCellVC.swift */; };
		B553333E1E6DE7CA0007A23D /* AppDelegate.swift in Sources */ = {isa = PBXBuildFile; fileRef = B553333D1E6DE7CA0007A23D /* AppDelegate.swift */; };
		B55333401E6DE7CA0007A23D /* LoginVC.swift in Sources */ = {isa = PBXBuildFile; fileRef = B553333F1E6DE7CA0007A23D /* LoginVC.swift */; };
		B55333431E6DE7CA0007A23D /* login.storyboard in Resources */ = {isa = PBXBuildFile; fileRef = B55333411E6DE7CA0007A23D /* login.storyboard */; };
		B55333461E6DE7CA0007A23D /* venture.xcdatamodeld in Sources */ = {isa = PBXBuildFile; fileRef = B55333441E6DE7CA0007A23D /* venture.xcdatamodeld */; };
		B55333481E6DE7CA0007A23D /* Assets.xcassets in Resources */ = {isa = PBXBuildFile; fileRef = B55333471E6DE7CA0007A23D /* Assets.xcassets */; };
		B553334B1E6DE7CA0007A23D /* LaunchScreen.storyboard in Resources */ = {isa = PBXBuildFile; fileRef = B55333491E6DE7CA0007A23D /* LaunchScreen.storyboard */; };
		B55333561E6DE7CA0007A23D /* ventureTests.swift in Sources */ = {isa = PBXBuildFile; fileRef = B55333551E6DE7CA0007A23D /* ventureTests.swift */; };
		B55333611E6DE7CA0007A23D /* ventureUITests.swift in Sources */ = {isa = PBXBuildFile; fileRef = B55333601E6DE7CA0007A23D /* ventureUITests.swift */; };
		B55603B41E7B48E500FEC786 /* wallscreen.png in Resources */ = {isa = PBXBuildFile; fileRef = B55603B31E7B48E500FEC786 /* wallscreen.png */; };
		B56470101E9887B900251461 /* Background.swift in Sources */ = {isa = PBXBuildFile; fileRef = B564700F1E9887B900251461 /* Background.swift */; };
		B56470121E989B6500251461 /* starry.jpg in Resources */ = {isa = PBXBuildFile; fileRef = B56470111E989B6500251461 /* starry.jpg */; };
		B58D18471E7C70C000997360 /* ResetPassVC.swift in Sources */ = {isa = PBXBuildFile; fileRef = B58D18461E7C70C000997360 /* ResetPassVC.swift */; };
		B58D18511E7C877800997360 /* settings.storyboard in Resources */ = {isa = PBXBuildFile; fileRef = B58D18501E7C877800997360 /* settings.storyboard */; };
		B58D18561E7C88DD00997360 /* SettingsVC.swift in Sources */ = {isa = PBXBuildFile; fileRef = B58D18551E7C88DD00997360 /* SettingsVC.swift */; };
		B58DEEFB1E82D1F40044B28E /* Globals.swift in Sources */ = {isa = PBXBuildFile; fileRef = B58DEEFA1E82D1F40044B28E /* Globals.swift */; };
		B5A176731E7B38EF00307B5C /* RegistrationVC.swift in Sources */ = {isa = PBXBuildFile; fileRef = B5A176721E7B38EF00307B5C /* RegistrationVC.swift */; };
		B5E2A0991E7DBD00002C48DC /* TripsVC.swift in Sources */ = {isa = PBXBuildFile; fileRef = B5E2A0981E7DBD00002C48DC /* TripsVC.swift */; };
		B5E2A09B1E7DC447002C48DC /* TripCellVC.swift in Sources */ = {isa = PBXBuildFile; fileRef = B5E2A09A1E7DC447002C48DC /* TripCellVC.swift */; };
		B5E2A09D1E7DCB5F002C48DC /* NewTripVC.swift in Sources */ = {isa = PBXBuildFile; fileRef = B5E2A09C1E7DCB5F002C48DC /* NewTripVC.swift */; };
		B5E2A09F1E7DCBA2002C48DC /* itinerary.storyboard in Resources */ = {isa = PBXBuildFile; fileRef = B5E2A09E1E7DCBA2002C48DC /* itinerary.storyboard */; };
		B5F467251E7B2F7E00A86D67 /* GoogleService-Info.plist in Resources */ = {isa = PBXBuildFile; fileRef = B5F467241E7B2F7E00A86D67 /* GoogleService-Info.plist */; };
		B5F467261E7B2F7E00A86D67 /* GoogleService-Info.plist in Resources */ = {isa = PBXBuildFile; fileRef = B5F467241E7B2F7E00A86D67 /* GoogleService-Info.plist */; };
		B5F467271E7B2F7E00A86D67 /* GoogleService-Info.plist in Resources */ = {isa = PBXBuildFile; fileRef = B5F467241E7B2F7E00A86D67 /* GoogleService-Info.plist */; };
		B5F7C05E1E83211F009804DF /* event.png in Resources */ = {isa = PBXBuildFile; fileRef = B5F7C05A1E83211F009804DF /* event.png */; };
		B5F7C05F1E83211F009804DF /* flight.png in Resources */ = {isa = PBXBuildFile; fileRef = B5F7C05B1E83211F009804DF /* flight.png */; };
		B5F7C0601E83211F009804DF /* food.png in Resources */ = {isa = PBXBuildFile; fileRef = B5F7C05C1E83211F009804DF /* food.png */; };
		B5F7C0611E83211F009804DF /* places.png in Resources */ = {isa = PBXBuildFile; fileRef = B5F7C05D1E83211F009804DF /* places.png */; };
		B5F7C0671E832A76009804DF /* gear.png in Resources */ = {isa = PBXBuildFile; fileRef = B5F7C0661E832A76009804DF /* gear.png */; };
		EA12B9F51E841F5A004831B9 /* wallscreenDarkened.png in Resources */ = {isa = PBXBuildFile; fileRef = EA12B9F41E841F5A004831B9 /* wallscreenDarkened.png */; };
/* End PBXBuildFile section */

/* Begin PBXContainerItemProxy section */
		B55333521E6DE7CA0007A23D /* PBXContainerItemProxy */ = {
			isa = PBXContainerItemProxy;
			containerPortal = B55333321E6DE7C90007A23D /* Project object */;
			proxyType = 1;
			remoteGlobalIDString = B55333391E6DE7C90007A23D;
			remoteInfo = venture;
		};
		B553335D1E6DE7CA0007A23D /* PBXContainerItemProxy */ = {
			isa = PBXContainerItemProxy;
			containerPortal = B55333321E6DE7C90007A23D /* Project object */;
			proxyType = 1;
			remoteGlobalIDString = B55333391E6DE7C90007A23D;
			remoteInfo = venture;
		};
/* End PBXContainerItemProxy section */

/* Begin PBXFileReference section */
		190C920807B588D96C90DFCF /* Pods-ventureUITests.release.xcconfig */ = {isa = PBXFileReference; includeInIndex = 1; lastKnownFileType = text.xcconfig; name = "Pods-ventureUITests.release.xcconfig"; path = "Pods/Target Support Files/Pods-ventureUITests/Pods-ventureUITests.release.xcconfig"; sourceTree = "<group>"; };
		19EBE9436D8D58A99EE2E832 /* Pods-venture.debug.xcconfig */ = {isa = PBXFileReference; includeInIndex = 1; lastKnownFileType = text.xcconfig; name = "Pods-venture.debug.xcconfig"; path = "Pods/Target Support Files/Pods-venture/Pods-venture.debug.xcconfig"; sourceTree = "<group>"; };
		1B74A2BB07E35845655465E8 /* Pods-ventureUITests.debug.xcconfig */ = {isa = PBXFileReference; includeInIndex = 1; lastKnownFileType = text.xcconfig; name = "Pods-ventureUITests.debug.xcconfig"; path = "Pods/Target Support Files/Pods-ventureUITests/Pods-ventureUITests.debug.xcconfig"; sourceTree = "<group>"; };
		235F0C80EF579EC67AD24DD1 /* Pods-venture.release.xcconfig */ = {isa = PBXFileReference; includeInIndex = 1; lastKnownFileType = text.xcconfig; name = "Pods-venture.release.xcconfig"; path = "Pods/Target Support Files/Pods-venture/Pods-venture.release.xcconfig"; sourceTree = "<group>"; };
		2BB99AA1A4F9465BAAE5CBA4 /* Pods-ventureTests.debug.xcconfig */ = {isa = PBXFileReference; includeInIndex = 1; lastKnownFileType = text.xcconfig; name = "Pods-ventureTests.debug.xcconfig"; path = "Pods/Target Support Files/Pods-ventureTests/Pods-ventureTests.debug.xcconfig"; sourceTree = "<group>"; };
		2C4E1484D99A0C6ADF021202 /* Pods_ventureUITests.framework */ = {isa = PBXFileReference; explicitFileType = wrapper.framework; includeInIndex = 0; path = Pods_ventureUITests.framework; sourceTree = BUILT_PRODUCTS_DIR; };
		31A96E15B9C2F16CB3A283AC /* Pods-ventureUITests.debug.xcconfig */ = {isa = PBXFileReference; includeInIndex = 1; lastKnownFileType = text.xcconfig; name = "Pods-ventureUITests.debug.xcconfig"; path = "Pods/Target Support Files/Pods-ventureUITests/Pods-ventureUITests.debug.xcconfig"; sourceTree = "<group>"; };
		425556A4BAE6A2E6B0AA0DA2 /* Pods_ventureTests.framework */ = {isa = PBXFileReference; explicitFileType = wrapper.framework; includeInIndex = 0; path = Pods_ventureTests.framework; sourceTree = BUILT_PRODUCTS_DIR; };
		56EA86B952BC9B32724F35D5 /* Pods-ventureTests.debug.xcconfig */ = {isa = PBXFileReference; includeInIndex = 1; lastKnownFileType = text.xcconfig; name = "Pods-ventureTests.debug.xcconfig"; path = "Pods/Target Support Files/Pods-ventureTests/Pods-ventureTests.debug.xcconfig"; sourceTree = "<group>"; };
		59EF7EE208BAA51A3DC319BE /* Pods-venture.release.xcconfig */ = {isa = PBXFileReference; includeInIndex = 1; lastKnownFileType = text.xcconfig; name = "Pods-venture.release.xcconfig"; path = "Pods/Target Support Files/Pods-venture/Pods-venture.release.xcconfig"; sourceTree = "<group>"; };
		71C599A542A8038DF59A4AF3 /* Pods-ventureTests.release.xcconfig */ = {isa = PBXFileReference; includeInIndex = 1; lastKnownFileType = text.xcconfig; name = "Pods-ventureTests.release.xcconfig"; path = "Pods/Target Support Files/Pods-ventureTests/Pods-ventureTests.release.xcconfig"; sourceTree = "<group>"; };
		76BB950D1959F090CC76C33F /* Pods-ventureUITests.release.xcconfig */ = {isa = PBXFileReference; includeInIndex = 1; lastKnownFileType = text.xcconfig; name = "Pods-ventureUITests.release.xcconfig"; path = "Pods/Target Support Files/Pods-ventureUITests/Pods-ventureUITests.release.xcconfig"; sourceTree = "<group>"; };
		7F346F116EAEEAA62FA14753 /* Pods-venture.debug.xcconfig */ = {isa = PBXFileReference; includeInIndex = 1; lastKnownFileType = text.xcconfig; name = "Pods-venture.debug.xcconfig"; path = "Pods/Target Support Files/Pods-venture/Pods-venture.debug.xcconfig"; sourceTree = "<group>"; };
		B50512AB1E70F3C3003F8ACA /* flights.storyboard */ = {isa = PBXFileReference; fileEncoding = 4; lastKnownFileType = file.storyboard; path = flights.storyboard; sourceTree = "<group>"; };
		B50512AD1E70F3CA003F8ACA /* places.storyboard */ = {isa = PBXFileReference; fileEncoding = 4; lastKnownFileType = file.storyboard; path = places.storyboard; sourceTree = "<group>"; };
		B50512AF1E70F3D4003F8ACA /* food.storyboard */ = {isa = PBXFileReference; fileEncoding = 4; lastKnownFileType = file.storyboard; path = food.storyboard; sourceTree = "<group>"; };
		B505716C1E96FFED00AD7B29 /* EventDetailsVC.swift */ = {isa = PBXFileReference; fileEncoding = 4; lastKnownFileType = sourcecode.swift; path = EventDetailsVC.swift; sourceTree = "<group>"; };
		B5072E141E7F253900BF4F82 /* TripPageVC.swift */ = {isa = PBXFileReference; fileEncoding = 4; lastKnownFileType = sourcecode.swift; path = TripPageVC.swift; sourceTree = "<group>"; };
		B5072E181E7F25B800BF4F82 /* ItineraryVC.swift */ = {isa = PBXFileReference; fileEncoding = 4; lastKnownFileType = sourcecode.swift; path = ItineraryVC.swift; sourceTree = "<group>"; };
		B50AEC741E7BC10300213CF3 /* blurBack.png */ = {isa = PBXFileReference; lastKnownFileType = image.png; path = blurBack.png; sourceTree = "<group>"; };
		B50AEC761E7BC33D00213CF3 /* trip.storyboard */ = {isa = PBXFileReference; fileEncoding = 4; lastKnownFileType = file.storyboard; path = trip.storyboard; sourceTree = "<group>"; };
		B51CD63F1E98A73F009F2615 /* back3.png */ = {isa = PBXFileReference; lastKnownFileType = image.png; path = back3.png; sourceTree = "<group>"; };
		B51CD6411E98A7BE009F2615 /* back2.jpg */ = {isa = PBXFileReference; lastKnownFileType = image.jpeg; path = back2.jpg; sourceTree = "<group>"; };
		B53B29841E85CE25001974A5 /* AddEventVC.swift */ = {isa = PBXFileReference; fileEncoding = 4; lastKnownFileType = sourcecode.swift; path = AddEventVC.swift; sourceTree = "<group>"; };
		B54593D21E91BE2100308A14 /* ItineraryCellVC.swift */ = {isa = PBXFileReference; fileEncoding = 4; lastKnownFileType = sourcecode.swift; path = ItineraryCellVC.swift; sourceTree = "<group>"; };
		B553333A1E6DE7CA0007A23D /* venture.app */ = {isa = PBXFileReference; explicitFileType = wrapper.application; includeInIndex = 0; path = venture.app; sourceTree = BUILT_PRODUCTS_DIR; };
		B553333D1E6DE7CA0007A23D /* AppDelegate.swift */ = {isa = PBXFileReference; lastKnownFileType = sourcecode.swift; path = AppDelegate.swift; sourceTree = "<group>"; };
		B553333F1E6DE7CA0007A23D /* LoginVC.swift */ = {isa = PBXFileReference; lastKnownFileType = sourcecode.swift; path = LoginVC.swift; sourceTree = "<group>"; };
		B55333421E6DE7CA0007A23D /* Base */ = {isa = PBXFileReference; lastKnownFileType = file.storyboard; name = Base; path = Base.lproj/login.storyboard; sourceTree = "<group>"; };
		B55333451E6DE7CA0007A23D /* venture.xcdatamodel */ = {isa = PBXFileReference; lastKnownFileType = wrapper.xcdatamodel; path = venture.xcdatamodel; sourceTree = "<group>"; };
		B55333471E6DE7CA0007A23D /* Assets.xcassets */ = {isa = PBXFileReference; lastKnownFileType = folder.assetcatalog; path = Assets.xcassets; sourceTree = "<group>"; };
		B553334A1E6DE7CA0007A23D /* Base */ = {isa = PBXFileReference; lastKnownFileType = file.storyboard; name = Base; path = Base.lproj/LaunchScreen.storyboard; sourceTree = "<group>"; };
		B553334C1E6DE7CA0007A23D /* Info.plist */ = {isa = PBXFileReference; lastKnownFileType = text.plist.xml; path = Info.plist; sourceTree = "<group>"; };
		B55333511E6DE7CA0007A23D /* ventureTests.xctest */ = {isa = PBXFileReference; explicitFileType = wrapper.cfbundle; includeInIndex = 0; path = ventureTests.xctest; sourceTree = BUILT_PRODUCTS_DIR; };
		B55333551E6DE7CA0007A23D /* ventureTests.swift */ = {isa = PBXFileReference; lastKnownFileType = sourcecode.swift; path = ventureTests.swift; sourceTree = "<group>"; };
		B55333571E6DE7CA0007A23D /* Info.plist */ = {isa = PBXFileReference; lastKnownFileType = text.plist.xml; path = Info.plist; sourceTree = "<group>"; };
		B553335C1E6DE7CA0007A23D /* ventureUITests.xctest */ = {isa = PBXFileReference; explicitFileType = wrapper.cfbundle; includeInIndex = 0; path = ventureUITests.xctest; sourceTree = BUILT_PRODUCTS_DIR; };
		B55333601E6DE7CA0007A23D /* ventureUITests.swift */ = {isa = PBXFileReference; lastKnownFileType = sourcecode.swift; path = ventureUITests.swift; sourceTree = "<group>"; };
		B55333621E6DE7CA0007A23D /* Info.plist */ = {isa = PBXFileReference; lastKnownFileType = text.plist.xml; path = Info.plist; sourceTree = "<group>"; };
		B55603B31E7B48E500FEC786 /* wallscreen.png */ = {isa = PBXFileReference; lastKnownFileType = image.png; path = wallscreen.png; sourceTree = "<group>"; };
		B564700F1E9887B900251461 /* Background.swift */ = {isa = PBXFileReference; fileEncoding = 4; lastKnownFileType = sourcecode.swift; path = Background.swift; sourceTree = "<group>"; };
		B56470111E989B6500251461 /* starry.jpg */ = {isa = PBXFileReference; lastKnownFileType = image.jpeg; path = starry.jpg; sourceTree = "<group>"; };
		B58D18461E7C70C000997360 /* ResetPassVC.swift */ = {isa = PBXFileReference; fileEncoding = 4; lastKnownFileType = sourcecode.swift; path = ResetPassVC.swift; sourceTree = "<group>"; };
		B58D18501E7C877800997360 /* settings.storyboard */ = {isa = PBXFileReference; fileEncoding = 4; lastKnownFileType = file.storyboard; path = settings.storyboard; sourceTree = "<group>"; };
		B58D18551E7C88DD00997360 /* SettingsVC.swift */ = {isa = PBXFileReference; fileEncoding = 4; lastKnownFileType = sourcecode.swift; path = SettingsVC.swift; sourceTree = "<group>"; };
		B58DEEFA1E82D1F40044B28E /* Globals.swift */ = {isa = PBXFileReference; fileEncoding = 4; lastKnownFileType = sourcecode.swift; path = Globals.swift; sourceTree = "<group>"; };
		B5A176721E7B38EF00307B5C /* RegistrationVC.swift */ = {isa = PBXFileReference; fileEncoding = 4; lastKnownFileType = sourcecode.swift; path = RegistrationVC.swift; sourceTree = "<group>"; };
		B5E2A0981E7DBD00002C48DC /* TripsVC.swift */ = {isa = PBXFileReference; fileEncoding = 4; lastKnownFileType = sourcecode.swift; path = TripsVC.swift; sourceTree = "<group>"; };
		B5E2A09A1E7DC447002C48DC /* TripCellVC.swift */ = {isa = PBXFileReference; fileEncoding = 4; lastKnownFileType = sourcecode.swift; path = TripCellVC.swift; sourceTree = "<group>"; };
		B5E2A09C1E7DCB5F002C48DC /* NewTripVC.swift */ = {isa = PBXFileReference; fileEncoding = 4; lastKnownFileType = sourcecode.swift; path = NewTripVC.swift; sourceTree = "<group>"; };
		B5E2A09E1E7DCBA2002C48DC /* itinerary.storyboard */ = {isa = PBXFileReference; fileEncoding = 4; lastKnownFileType = file.storyboard; path = itinerary.storyboard; sourceTree = "<group>"; };
		B5F467241E7B2F7E00A86D67 /* GoogleService-Info.plist */ = {isa = PBXFileReference; fileEncoding = 4; lastKnownFileType = text.plist.xml; path = "GoogleService-Info.plist"; sourceTree = "<group>"; };
		B5F7C05A1E83211F009804DF /* event.png */ = {isa = PBXFileReference; lastKnownFileType = image.png; path = event.png; sourceTree = "<group>"; };
		B5F7C05B1E83211F009804DF /* flight.png */ = {isa = PBXFileReference; lastKnownFileType = image.png; path = flight.png; sourceTree = "<group>"; };
		B5F7C05C1E83211F009804DF /* food.png */ = {isa = PBXFileReference; lastKnownFileType = image.png; path = food.png; sourceTree = "<group>"; };
		B5F7C05D1E83211F009804DF /* places.png */ = {isa = PBXFileReference; lastKnownFileType = image.png; path = places.png; sourceTree = "<group>"; };
		B5F7C0661E832A76009804DF /* gear.png */ = {isa = PBXFileReference; lastKnownFileType = image.png; path = gear.png; sourceTree = "<group>"; };
		CE4FBA887571E63DE18EC782 /* Pods-ventureTests.release.xcconfig */ = {isa = PBXFileReference; includeInIndex = 1; lastKnownFileType = text.xcconfig; name = "Pods-ventureTests.release.xcconfig"; path = "Pods/Target Support Files/Pods-ventureTests/Pods-ventureTests.release.xcconfig"; sourceTree = "<group>"; };
		EA12B9F41E841F5A004831B9 /* wallscreenDarkened.png */ = {isa = PBXFileReference; lastKnownFileType = image.png; path = wallscreenDarkened.png; sourceTree = "<group>"; };
		F469BE1278DCFDE718244A68 /* Pods_venture.framework */ = {isa = PBXFileReference; explicitFileType = wrapper.framework; includeInIndex = 0; path = Pods_venture.framework; sourceTree = BUILT_PRODUCTS_DIR; };
/* End PBXFileReference section */

/* Begin PBXFrameworksBuildPhase section */
		B55333371E6DE7C90007A23D /* Frameworks */ = {
			isa = PBXFrameworksBuildPhase;
			buildActionMask = 2147483647;
			files = (
				07010DEAFC6FE4178310676C /* Pods_venture.framework in Frameworks */,
			);
			runOnlyForDeploymentPostprocessing = 0;
		};
		B553334E1E6DE7CA0007A23D /* Frameworks */ = {
			isa = PBXFrameworksBuildPhase;
			buildActionMask = 2147483647;
			files = (
				A824F923A8AD1303D5A97F6E /* Pods_ventureTests.framework in Frameworks */,
			);
			runOnlyForDeploymentPostprocessing = 0;
		};
		B55333591E6DE7CA0007A23D /* Frameworks */ = {
			isa = PBXFrameworksBuildPhase;
			buildActionMask = 2147483647;
			files = (
				065407295805CA8058A25EBF /* Pods_ventureUITests.framework in Frameworks */,
			);
			runOnlyForDeploymentPostprocessing = 0;
		};
/* End PBXFrameworksBuildPhase section */

/* Begin PBXGroup section */
		662410B57C3169EA79561D0C /* Pods */ = {
			isa = PBXGroup;
			children = (
				7F346F116EAEEAA62FA14753 /* Pods-venture.debug.xcconfig */,
				235F0C80EF579EC67AD24DD1 /* Pods-venture.release.xcconfig */,
				2BB99AA1A4F9465BAAE5CBA4 /* Pods-ventureTests.debug.xcconfig */,
				CE4FBA887571E63DE18EC782 /* Pods-ventureTests.release.xcconfig */,
				1B74A2BB07E35845655465E8 /* Pods-ventureUITests.debug.xcconfig */,
				190C920807B588D96C90DFCF /* Pods-ventureUITests.release.xcconfig */,
			);
			name = Pods;
			sourceTree = "<group>";
		};
		80224C7BB8671EB0AC71BFEE /* Frameworks */ = {
			isa = PBXGroup;
			children = (
				F469BE1278DCFDE718244A68 /* Pods_venture.framework */,
				425556A4BAE6A2E6B0AA0DA2 /* Pods_ventureTests.framework */,
				2C4E1484D99A0C6ADF021202 /* Pods_ventureUITests.framework */,
			);
			name = Frameworks;
			sourceTree = "<group>";
		};
		B50512A91E70F37E003F8ACA /* images */ = {
			isa = PBXGroup;
			children = (
				B5F7C05A1E83211F009804DF /* event.png */,
				B5F7C05B1E83211F009804DF /* flight.png */,
				B5F7C05C1E83211F009804DF /* food.png */,
				B5F7C05D1E83211F009804DF /* places.png */,
				B51CD6411E98A7BE009F2615 /* back2.jpg */,
				B56470111E989B6500251461 /* starry.jpg */,
				B50AEC741E7BC10300213CF3 /* blurBack.png */,
				B51CD63F1E98A73F009F2615 /* back3.png */,
				B55603B31E7B48E500FEC786 /* wallscreen.png */,
				EA12B9F41E841F5A004831B9 /* wallscreenDarkened.png */,
				B5F7C0661E832A76009804DF /* gear.png */,
			);
			name = images;
			sourceTree = "<group>";
		};
		B50512AA1E70F39D003F8ACA /* supporting files */ = {
			isa = PBXGroup;
			children = (
				B58DEEFA1E82D1F40044B28E /* Globals.swift */,
				B564700F1E9887B900251461 /* Background.swift */,
				B553333D1E6DE7CA0007A23D /* AppDelegate.swift */,
				B55333471E6DE7CA0007A23D /* Assets.xcassets */,
				B5F467241E7B2F7E00A86D67 /* GoogleService-Info.plist */,
				B553334C1E6DE7CA0007A23D /* Info.plist */,
				B55333441E6DE7CA0007A23D /* venture.xcdatamodeld */,
			);
			name = "supporting files";
			sourceTree = "<group>";
		};
		B50512B11E70F3DB003F8ACA /* storyboards */ = {
			isa = PBXGroup;
			children = (
				B55333491E6DE7CA0007A23D /* LaunchScreen.storyboard */,
				B55333411E6DE7CA0007A23D /* login.storyboard */,
				B50AEC761E7BC33D00213CF3 /* trip.storyboard */,
				B5E2A09E1E7DCBA2002C48DC /* itinerary.storyboard */,
				B50512AB1E70F3C3003F8ACA /* flights.storyboard */,
				B50512AD1E70F3CA003F8ACA /* places.storyboard */,
				B50512AF1E70F3D4003F8ACA /* food.storyboard */,
				B58D18501E7C877800997360 /* settings.storyboard */,
			);
			name = storyboards;
			sourceTree = "<group>";
		};
		B50512B21E70F3E8003F8ACA /* login VC */ = {
			isa = PBXGroup;
			children = (
				B553333F1E6DE7CA0007A23D /* LoginVC.swift */,
				B5A176721E7B38EF00307B5C /* RegistrationVC.swift */,
				B58D18461E7C70C000997360 /* ResetPassVC.swift */,
			);
			name = "login VC";
			sourceTree = "<group>";
		};
		B505716E1E97000C00AD7B29 /* event VC */ = {
			isa = PBXGroup;
			children = (
				B53B29841E85CE25001974A5 /* AddEventVC.swift */,
				B505716C1E96FFED00AD7B29 /* EventDetailsVC.swift */,
			);
			name = "event VC";
			sourceTree = "<group>";
		};
		B5072E171E7F258B00BF4F82 /* itinerary VC */ = {
			isa = PBXGroup;
			children = (
				B5072E141E7F253900BF4F82 /* TripPageVC.swift */,
				B5072E181E7F25B800BF4F82 /* ItineraryVC.swift */,
				B54593D21E91BE2100308A14 /* ItineraryCellVC.swift */,
			);
			name = "itinerary VC";
			sourceTree = "<group>";
		};
		B55333311E6DE7C90007A23D = {
			isa = PBXGroup;
			children = (
				B553333C1E6DE7CA0007A23D /* venture */,
				B58D184B1E7C7D3600997360 /* ventureTests */,
				F369D8D2813A8FA880A5F2D6 /* Pods */,
				80224C7BB8671EB0AC71BFEE /* Frameworks */,
			);
			sourceTree = "<group>";
		};
		B553333B1E6DE7CA0007A23D /* Products */ = {
			isa = PBXGroup;
			children = (
				B553333A1E6DE7CA0007A23D /* venture.app */,
				B55333511E6DE7CA0007A23D /* ventureTests.xctest */,
				B553335C1E6DE7CA0007A23D /* ventureUITests.xctest */,
			);
			name = Products;
			sourceTree = "<group>";
		};
		B553333C1E6DE7CA0007A23D /* venture */ = {
			isa = PBXGroup;
			children = (
				B50512B21E70F3E8003F8ACA /* login VC */,
				B58D18541E7C87AF00997360 /* settings VC */,
				B58D184A1E7C7D1600997360 /* trip VC */,
				B5072E171E7F258B00BF4F82 /* itinerary VC */,
				B505716E1E97000C00AD7B29 /* event VC */,
				B59F6E991E9827DF00CEDE07 /* food VC */,
				EAD462411E907EF40095A58B /* places VC */,
				B50512B11E70F3DB003F8ACA /* storyboards */,
				B50512AA1E70F39D003F8ACA /* supporting files */,
				B50512A91E70F37E003F8ACA /* images */,
			);
			path = venture;
			sourceTree = "<group>";
		};
		B55333541E6DE7CA0007A23D /* ventureTests */ = {
			isa = PBXGroup;
			children = (
				B55333551E6DE7CA0007A23D /* ventureTests.swift */,
				B55333571E6DE7CA0007A23D /* Info.plist */,
			);
			path = ventureTests;
			sourceTree = "<group>";
		};
		B553335F1E6DE7CA0007A23D /* ventureUITests */ = {
			isa = PBXGroup;
			children = (
				B55333601E6DE7CA0007A23D /* ventureUITests.swift */,
				B55333621E6DE7CA0007A23D /* Info.plist */,
			);
			path = ventureUITests;
			sourceTree = "<group>";
		};
		B58D184A1E7C7D1600997360 /* trip VC */ = {
			isa = PBXGroup;
			children = (
				B5E2A0981E7DBD00002C48DC /* TripsVC.swift */,
				B5E2A09A1E7DC447002C48DC /* TripCellVC.swift */,
				B5E2A09C1E7DCB5F002C48DC /* NewTripVC.swift */,
			);
			name = "trip VC";
			sourceTree = "<group>";
		};
		B58D184B1E7C7D3600997360 /* ventureTests */ = {
			isa = PBXGroup;
			children = (
				B55333541E6DE7CA0007A23D /* ventureTests */,
				B553335F1E6DE7CA0007A23D /* ventureUITests */,
				B553333B1E6DE7CA0007A23D /* Products */,
				662410B57C3169EA79561D0C /* Pods */,
			);
			name = ventureTests;
			sourceTree = "<group>";
		};
		B58D18541E7C87AF00997360 /* settings VC */ = {
			isa = PBXGroup;
			children = (
				B58D18551E7C88DD00997360 /* SettingsVC.swift */,
			);
			name = "settings VC";
			sourceTree = "<group>";
		};
		B59F6E991E9827DF00CEDE07 /* food VC */ = {
			isa = PBXGroup;
			children = (
			);
			name = "food VC";
			sourceTree = "<group>";
		};
		EAD462411E907EF40095A58B /* places VC */ = {
			isa = PBXGroup;
			children = (
			);
			name = "places VC";
			sourceTree = "<group>";
		};
		F369D8D2813A8FA880A5F2D6 /* Pods */ = {
			isa = PBXGroup;
			children = (
				19EBE9436D8D58A99EE2E832 /* Pods-venture.debug.xcconfig */,
				59EF7EE208BAA51A3DC319BE /* Pods-venture.release.xcconfig */,
				56EA86B952BC9B32724F35D5 /* Pods-ventureTests.debug.xcconfig */,
				71C599A542A8038DF59A4AF3 /* Pods-ventureTests.release.xcconfig */,
				31A96E15B9C2F16CB3A283AC /* Pods-ventureUITests.debug.xcconfig */,
				76BB950D1959F090CC76C33F /* Pods-ventureUITests.release.xcconfig */,
			);
			name = Pods;
			sourceTree = "<group>";
		};
/* End PBXGroup section */

/* Begin PBXNativeTarget section */
		B55333391E6DE7C90007A23D /* venture */ = {
			isa = PBXNativeTarget;
			buildConfigurationList = B55333651E6DE7CA0007A23D /* Build configuration list for PBXNativeTarget "venture" */;
			buildPhases = (
				F419AE034EDBDF0CD41B8DD7 /* [CP] Check Pods Manifest.lock */,
				B55333361E6DE7C90007A23D /* Sources */,
				B55333371E6DE7C90007A23D /* Frameworks */,
				B55333381E6DE7C90007A23D /* Resources */,
				28337F2EC1D85A5A1D362A51 /* [CP] Embed Pods Frameworks */,
				0B44247470AEA761D2843B78 /* [CP] Copy Pods Resources */,
			);
			buildRules = (
			);
			dependencies = (
			);
			name = venture;
			productName = venture;
			productReference = B553333A1E6DE7CA0007A23D /* venture.app */;
			productType = "com.apple.product-type.application";
		};
		B55333501E6DE7CA0007A23D /* ventureTests */ = {
			isa = PBXNativeTarget;
			buildConfigurationList = B55333681E6DE7CA0007A23D /* Build configuration list for PBXNativeTarget "ventureTests" */;
			buildPhases = (
				53AAF5AA75AD9005E1C51746 /* [CP] Check Pods Manifest.lock */,
				B553334D1E6DE7CA0007A23D /* Sources */,
				B553334E1E6DE7CA0007A23D /* Frameworks */,
				B553334F1E6DE7CA0007A23D /* Resources */,
				CC7BE1A92EB324931C46BBCA /* [CP] Embed Pods Frameworks */,
				28B582D39229BB211F357E0F /* [CP] Copy Pods Resources */,
			);
			buildRules = (
			);
			dependencies = (
				B55333531E6DE7CA0007A23D /* PBXTargetDependency */,
			);
			name = ventureTests;
			productName = ventureTests;
			productReference = B55333511E6DE7CA0007A23D /* ventureTests.xctest */;
			productType = "com.apple.product-type.bundle.unit-test";
		};
		B553335B1E6DE7CA0007A23D /* ventureUITests */ = {
			isa = PBXNativeTarget;
			buildConfigurationList = B553336B1E6DE7CA0007A23D /* Build configuration list for PBXNativeTarget "ventureUITests" */;
			buildPhases = (
				DDE7A2B32170F6E1B2F4BAE8 /* [CP] Check Pods Manifest.lock */,
				B55333581E6DE7CA0007A23D /* Sources */,
				B55333591E6DE7CA0007A23D /* Frameworks */,
				B553335A1E6DE7CA0007A23D /* Resources */,
				AAE3CCB3D10122E696D41872 /* [CP] Embed Pods Frameworks */,
				3726053AEEB676C04EFA46E5 /* [CP] Copy Pods Resources */,
			);
			buildRules = (
			);
			dependencies = (
				B553335E1E6DE7CA0007A23D /* PBXTargetDependency */,
			);
			name = ventureUITests;
			productName = ventureUITests;
			productReference = B553335C1E6DE7CA0007A23D /* ventureUITests.xctest */;
			productType = "com.apple.product-type.bundle.ui-testing";
		};
/* End PBXNativeTarget section */

/* Begin PBXProject section */
		B55333321E6DE7C90007A23D /* Project object */ = {
			isa = PBXProject;
			attributes = {
				LastSwiftUpdateCheck = 0820;
				LastUpgradeCheck = 0820;
				ORGANIZATIONNAME = Group1;
				TargetAttributes = {
					B55333391E6DE7C90007A23D = {
						CreatedOnToolsVersion = 8.2.1;
						DevelopmentTeam = ELV7UPT49C;
						ProvisioningStyle = Automatic;
					};
					B55333501E6DE7CA0007A23D = {
						CreatedOnToolsVersion = 8.2.1;
						ProvisioningStyle = Automatic;
						TestTargetID = B55333391E6DE7C90007A23D;
					};
					B553335B1E6DE7CA0007A23D = {
						CreatedOnToolsVersion = 8.2.1;
						ProvisioningStyle = Automatic;
						TestTargetID = B55333391E6DE7C90007A23D;
					};
				};
			};
			buildConfigurationList = B55333351E6DE7C90007A23D /* Build configuration list for PBXProject "venture" */;
			compatibilityVersion = "Xcode 3.2";
			developmentRegion = English;
			hasScannedForEncodings = 0;
			knownRegions = (
				en,
				Base,
			);
			mainGroup = B55333311E6DE7C90007A23D;
			productRefGroup = B553333B1E6DE7CA0007A23D /* Products */;
			projectDirPath = "";
			projectRoot = "";
			targets = (
				B55333391E6DE7C90007A23D /* venture */,
				B55333501E6DE7CA0007A23D /* ventureTests */,
				B553335B1E6DE7CA0007A23D /* ventureUITests */,
			);
		};
/* End PBXProject section */

/* Begin PBXResourcesBuildPhase section */
		B55333381E6DE7C90007A23D /* Resources */ = {
			isa = PBXResourcesBuildPhase;
			buildActionMask = 2147483647;
			files = (
				B5F7C0611E83211F009804DF /* places.png in Resources */,
				B56470121E989B6500251461 /* starry.jpg in Resources */,
				B50512AC1E70F3C3003F8ACA /* flights.storyboard in Resources */,
				B5E2A09F1E7DCBA2002C48DC /* itinerary.storyboard in Resources */,
				EA12B9F51E841F5A004831B9 /* wallscreenDarkened.png in Resources */,
				B50AEC751E7BC10300213CF3 /* blurBack.png in Resources */,
				B5F7C0601E83211F009804DF /* food.png in Resources */,
				B5F467251E7B2F7E00A86D67 /* GoogleService-Info.plist in Resources */,
				B55603B41E7B48E500FEC786 /* wallscreen.png in Resources */,
				B5F7C0671E832A76009804DF /* gear.png in Resources */,
				B5F7C05E1E83211F009804DF /* event.png in Resources */,
				B50AEC771E7BC33D00213CF3 /* trip.storyboard in Resources */,
				B51CD6401E98A73F009F2615 /* back3.png in Resources */,
				B50512B01E70F3D4003F8ACA /* food.storyboard in Resources */,
				B58D18511E7C877800997360 /* settings.storyboard in Resources */,
				B51CD6421E98A7BE009F2615 /* back2.jpg in Resources */,
				B50512AE1E70F3CA003F8ACA /* places.storyboard in Resources */,
				B553334B1E6DE7CA0007A23D /* LaunchScreen.storyboard in Resources */,
				B55333481E6DE7CA0007A23D /* Assets.xcassets in Resources */,
				B5F7C05F1E83211F009804DF /* flight.png in Resources */,
				B55333431E6DE7CA0007A23D /* login.storyboard in Resources */,
			);
			runOnlyForDeploymentPostprocessing = 0;
		};
		B553334F1E6DE7CA0007A23D /* Resources */ = {
			isa = PBXResourcesBuildPhase;
			buildActionMask = 2147483647;
			files = (
				B5F467261E7B2F7E00A86D67 /* GoogleService-Info.plist in Resources */,
			);
			runOnlyForDeploymentPostprocessing = 0;
		};
		B553335A1E6DE7CA0007A23D /* Resources */ = {
			isa = PBXResourcesBuildPhase;
			buildActionMask = 2147483647;
			files = (
				B5F467271E7B2F7E00A86D67 /* GoogleService-Info.plist in Resources */,
			);
			runOnlyForDeploymentPostprocessing = 0;
		};
/* End PBXResourcesBuildPhase section */

/* Begin PBXShellScriptBuildPhase section */
		0B44247470AEA761D2843B78 /* [CP] Copy Pods Resources */ = {
			isa = PBXShellScriptBuildPhase;
			buildActionMask = 2147483647;
			files = (
			);
			inputPaths = (
			);
			name = "[CP] Copy Pods Resources";
			outputPaths = (
			);
			runOnlyForDeploymentPostprocessing = 0;
			shellPath = /bin/sh;
			shellScript = "\"${SRCROOT}/Pods/Target Support Files/Pods-venture/Pods-venture-resources.sh\"\n";
			showEnvVarsInLog = 0;
		};
		28337F2EC1D85A5A1D362A51 /* [CP] Embed Pods Frameworks */ = {
			isa = PBXShellScriptBuildPhase;
			buildActionMask = 2147483647;
			files = (
			);
			inputPaths = (
			);
			name = "[CP] Embed Pods Frameworks";
			outputPaths = (
			);
			runOnlyForDeploymentPostprocessing = 0;
			shellPath = /bin/sh;
			shellScript = "\"${SRCROOT}/Pods/Target Support Files/Pods-venture/Pods-venture-frameworks.sh\"\n";
			showEnvVarsInLog = 0;
		};
		28B582D39229BB211F357E0F /* [CP] Copy Pods Resources */ = {
			isa = PBXShellScriptBuildPhase;
			buildActionMask = 2147483647;
			files = (
			);
			inputPaths = (
			);
			name = "[CP] Copy Pods Resources";
			outputPaths = (
			);
			runOnlyForDeploymentPostprocessing = 0;
			shellPath = /bin/sh;
			shellScript = "\"${SRCROOT}/Pods/Target Support Files/Pods-ventureTests/Pods-ventureTests-resources.sh\"\n";
			showEnvVarsInLog = 0;
		};
		3726053AEEB676C04EFA46E5 /* [CP] Copy Pods Resources */ = {
			isa = PBXShellScriptBuildPhase;
			buildActionMask = 2147483647;
			files = (
			);
			inputPaths = (
			);
			name = "[CP] Copy Pods Resources";
			outputPaths = (
			);
			runOnlyForDeploymentPostprocessing = 0;
			shellPath = /bin/sh;
			shellScript = "\"${SRCROOT}/Pods/Target Support Files/Pods-ventureUITests/Pods-ventureUITests-resources.sh\"\n";
			showEnvVarsInLog = 0;
		};
		53AAF5AA75AD9005E1C51746 /* [CP] Check Pods Manifest.lock */ = {
			isa = PBXShellScriptBuildPhase;
			buildActionMask = 2147483647;
			files = (
			);
			inputPaths = (
			);
			name = "[CP] Check Pods Manifest.lock";
			outputPaths = (
			);
			runOnlyForDeploymentPostprocessing = 0;
			shellPath = /bin/sh;
			shellScript = "diff \"${PODS_ROOT}/../Podfile.lock\" \"${PODS_ROOT}/Manifest.lock\" > /dev/null\nif [ $? != 0 ] ; then\n    # print error to STDERR\n    echo \"error: The sandbox is not in sync with the Podfile.lock. Run 'pod install' or update your CocoaPods installation.\" >&2\n    exit 1\nfi\n";
			showEnvVarsInLog = 0;
		};
		AAE3CCB3D10122E696D41872 /* [CP] Embed Pods Frameworks */ = {
			isa = PBXShellScriptBuildPhase;
			buildActionMask = 2147483647;
			files = (
			);
			inputPaths = (
			);
			name = "[CP] Embed Pods Frameworks";
			outputPaths = (
			);
			runOnlyForDeploymentPostprocessing = 0;
			shellPath = /bin/sh;
			shellScript = "\"${SRCROOT}/Pods/Target Support Files/Pods-ventureUITests/Pods-ventureUITests-frameworks.sh\"\n";
			showEnvVarsInLog = 0;
		};
		CC7BE1A92EB324931C46BBCA /* [CP] Embed Pods Frameworks */ = {
			isa = PBXShellScriptBuildPhase;
			buildActionMask = 2147483647;
			files = (
			);
			inputPaths = (
			);
			name = "[CP] Embed Pods Frameworks";
			outputPaths = (
			);
			runOnlyForDeploymentPostprocessing = 0;
			shellPath = /bin/sh;
			shellScript = "\"${SRCROOT}/Pods/Target Support Files/Pods-ventureTests/Pods-ventureTests-frameworks.sh\"\n";
			showEnvVarsInLog = 0;
		};
		DDE7A2B32170F6E1B2F4BAE8 /* [CP] Check Pods Manifest.lock */ = {
			isa = PBXShellScriptBuildPhase;
			buildActionMask = 2147483647;
			files = (
			);
			inputPaths = (
			);
			name = "[CP] Check Pods Manifest.lock";
			outputPaths = (
			);
			runOnlyForDeploymentPostprocessing = 0;
			shellPath = /bin/sh;
			shellScript = "diff \"${PODS_ROOT}/../Podfile.lock\" \"${PODS_ROOT}/Manifest.lock\" > /dev/null\nif [ $? != 0 ] ; then\n    # print error to STDERR\n    echo \"error: The sandbox is not in sync with the Podfile.lock. Run 'pod install' or update your CocoaPods installation.\" >&2\n    exit 1\nfi\n";
			showEnvVarsInLog = 0;
		};
		F419AE034EDBDF0CD41B8DD7 /* [CP] Check Pods Manifest.lock */ = {
			isa = PBXShellScriptBuildPhase;
			buildActionMask = 2147483647;
			files = (
			);
			inputPaths = (
			);
			name = "[CP] Check Pods Manifest.lock";
			outputPaths = (
			);
			runOnlyForDeploymentPostprocessing = 0;
			shellPath = /bin/sh;
			shellScript = "diff \"${PODS_ROOT}/../Podfile.lock\" \"${PODS_ROOT}/Manifest.lock\" > /dev/null\nif [ $? != 0 ] ; then\n    # print error to STDERR\n    echo \"error: The sandbox is not in sync with the Podfile.lock. Run 'pod install' or update your CocoaPods installation.\" >&2\n    exit 1\nfi\n";
			showEnvVarsInLog = 0;
		};
/* End PBXShellScriptBuildPhase section */

/* Begin PBXSourcesBuildPhase section */
		B55333361E6DE7C90007A23D /* Sources */ = {
			isa = PBXSourcesBuildPhase;
			buildActionMask = 2147483647;
			files = (
				B58D18471E7C70C000997360 /* ResetPassVC.swift in Sources */,
				B505716D1E96FFED00AD7B29 /* EventDetailsVC.swift in Sources */,
				B54593D31E91BE2100308A14 /* ItineraryCellVC.swift in Sources */,
				B5E2A09D1E7DCB5F002C48DC /* NewTripVC.swift in Sources */,
				B5072E191E7F25B800BF4F82 /* ItineraryVC.swift in Sources */,
				B58DEEFB1E82D1F40044B28E /* Globals.swift in Sources */,
				B55333461E6DE7CA0007A23D /* venture.xcdatamodeld in Sources */,
				B55333401E6DE7CA0007A23D /* LoginVC.swift in Sources */,
				B5E2A09B1E7DC447002C48DC /* TripCellVC.swift in Sources */,
				B553333E1E6DE7CA0007A23D /* AppDelegate.swift in Sources */,
				B53B29851E85CE25001974A5 /* AddEventVC.swift in Sources */,
				B56470101E9887B900251461 /* Background.swift in Sources */,
				B5072E151E7F253900BF4F82 /* TripPageVC.swift in Sources */,
				B5A176731E7B38EF00307B5C /* RegistrationVC.swift in Sources */,
				B5E2A0991E7DBD00002C48DC /* TripsVC.swift in Sources */,
				B58D18561E7C88DD00997360 /* SettingsVC.swift in Sources */,
			);
			runOnlyForDeploymentPostprocessing = 0;
		};
		B553334D1E6DE7CA0007A23D /* Sources */ = {
			isa = PBXSourcesBuildPhase;
			buildActionMask = 2147483647;
			files = (
				B55333561E6DE7CA0007A23D /* ventureTests.swift in Sources */,
			);
			runOnlyForDeploymentPostprocessing = 0;
		};
		B55333581E6DE7CA0007A23D /* Sources */ = {
			isa = PBXSourcesBuildPhase;
			buildActionMask = 2147483647;
			files = (
				B55333611E6DE7CA0007A23D /* ventureUITests.swift in Sources */,
			);
			runOnlyForDeploymentPostprocessing = 0;
		};
/* End PBXSourcesBuildPhase section */

/* Begin PBXTargetDependency section */
		B55333531E6DE7CA0007A23D /* PBXTargetDependency */ = {
			isa = PBXTargetDependency;
			target = B55333391E6DE7C90007A23D /* venture */;
			targetProxy = B55333521E6DE7CA0007A23D /* PBXContainerItemProxy */;
		};
		B553335E1E6DE7CA0007A23D /* PBXTargetDependency */ = {
			isa = PBXTargetDependency;
			target = B55333391E6DE7C90007A23D /* venture */;
			targetProxy = B553335D1E6DE7CA0007A23D /* PBXContainerItemProxy */;
		};
/* End PBXTargetDependency section */

/* Begin PBXVariantGroup section */
		B55333411E6DE7CA0007A23D /* login.storyboard */ = {
			isa = PBXVariantGroup;
			children = (
				B55333421E6DE7CA0007A23D /* Base */,
			);
			name = login.storyboard;
			sourceTree = "<group>";
		};
		B55333491E6DE7CA0007A23D /* LaunchScreen.storyboard */ = {
			isa = PBXVariantGroup;
			children = (
				B553334A1E6DE7CA0007A23D /* Base */,
			);
			name = LaunchScreen.storyboard;
			sourceTree = "<group>";
		};
/* End PBXVariantGroup section */

/* Begin XCBuildConfiguration section */
		B55333631E6DE7CA0007A23D /* Debug */ = {
			isa = XCBuildConfiguration;
			buildSettings = {
				ALWAYS_SEARCH_USER_PATHS = NO;
				CLANG_ANALYZER_NONNULL = YES;
				CLANG_CXX_LANGUAGE_STANDARD = "gnu++0x";
				CLANG_CXX_LIBRARY = "libc++";
				CLANG_ENABLE_MODULES = YES;
				CLANG_ENABLE_OBJC_ARC = YES;
				CLANG_WARN_BOOL_CONVERSION = YES;
				CLANG_WARN_CONSTANT_CONVERSION = YES;
				CLANG_WARN_DIRECT_OBJC_ISA_USAGE = YES_ERROR;
				CLANG_WARN_DOCUMENTATION_COMMENTS = YES;
				CLANG_WARN_EMPTY_BODY = YES;
				CLANG_WARN_ENUM_CONVERSION = YES;
				CLANG_WARN_INFINITE_RECURSION = YES;
				CLANG_WARN_INT_CONVERSION = YES;
				CLANG_WARN_OBJC_ROOT_CLASS = YES_ERROR;
				CLANG_WARN_SUSPICIOUS_MOVE = YES;
				CLANG_WARN_UNREACHABLE_CODE = YES;
				CLANG_WARN__DUPLICATE_METHOD_MATCH = YES;
				"CODE_SIGN_IDENTITY[sdk=iphoneos*]" = "iPhone Developer";
				COPY_PHASE_STRIP = NO;
				DEBUG_INFORMATION_FORMAT = dwarf;
				ENABLE_STRICT_OBJC_MSGSEND = YES;
				ENABLE_TESTABILITY = YES;
				GCC_C_LANGUAGE_STANDARD = gnu99;
				GCC_DYNAMIC_NO_PIC = NO;
				GCC_NO_COMMON_BLOCKS = YES;
				GCC_OPTIMIZATION_LEVEL = 0;
				GCC_PREPROCESSOR_DEFINITIONS = (
					"DEBUG=1",
					"$(inherited)",
				);
				GCC_WARN_64_TO_32_BIT_CONVERSION = YES;
				GCC_WARN_ABOUT_RETURN_TYPE = YES_ERROR;
				GCC_WARN_UNDECLARED_SELECTOR = YES;
				GCC_WARN_UNINITIALIZED_AUTOS = YES_AGGRESSIVE;
				GCC_WARN_UNUSED_FUNCTION = YES;
				GCC_WARN_UNUSED_VARIABLE = YES;
				IPHONEOS_DEPLOYMENT_TARGET = 10.2;
				MTL_ENABLE_DEBUG_INFO = YES;
				ONLY_ACTIVE_ARCH = YES;
				SDKROOT = iphoneos;
				SWIFT_ACTIVE_COMPILATION_CONDITIONS = DEBUG;
				SWIFT_OPTIMIZATION_LEVEL = "-Onone";
			};
			name = Debug;
		};
		B55333641E6DE7CA0007A23D /* Release */ = {
			isa = XCBuildConfiguration;
			buildSettings = {
				ALWAYS_SEARCH_USER_PATHS = NO;
				CLANG_ANALYZER_NONNULL = YES;
				CLANG_CXX_LANGUAGE_STANDARD = "gnu++0x";
				CLANG_CXX_LIBRARY = "libc++";
				CLANG_ENABLE_MODULES = YES;
				CLANG_ENABLE_OBJC_ARC = YES;
				CLANG_WARN_BOOL_CONVERSION = YES;
				CLANG_WARN_CONSTANT_CONVERSION = YES;
				CLANG_WARN_DIRECT_OBJC_ISA_USAGE = YES_ERROR;
				CLANG_WARN_DOCUMENTATION_COMMENTS = YES;
				CLANG_WARN_EMPTY_BODY = YES;
				CLANG_WARN_ENUM_CONVERSION = YES;
				CLANG_WARN_INFINITE_RECURSION = YES;
				CLANG_WARN_INT_CONVERSION = YES;
				CLANG_WARN_OBJC_ROOT_CLASS = YES_ERROR;
				CLANG_WARN_SUSPICIOUS_MOVE = YES;
				CLANG_WARN_UNREACHABLE_CODE = YES;
				CLANG_WARN__DUPLICATE_METHOD_MATCH = YES;
				"CODE_SIGN_IDENTITY[sdk=iphoneos*]" = "iPhone Developer";
				COPY_PHASE_STRIP = NO;
				DEBUG_INFORMATION_FORMAT = "dwarf-with-dsym";
				ENABLE_NS_ASSERTIONS = NO;
				ENABLE_STRICT_OBJC_MSGSEND = YES;
				GCC_C_LANGUAGE_STANDARD = gnu99;
				GCC_NO_COMMON_BLOCKS = YES;
				GCC_WARN_64_TO_32_BIT_CONVERSION = YES;
				GCC_WARN_ABOUT_RETURN_TYPE = YES_ERROR;
				GCC_WARN_UNDECLARED_SELECTOR = YES;
				GCC_WARN_UNINITIALIZED_AUTOS = YES_AGGRESSIVE;
				GCC_WARN_UNUSED_FUNCTION = YES;
				GCC_WARN_UNUSED_VARIABLE = YES;
				IPHONEOS_DEPLOYMENT_TARGET = 10.2;
				MTL_ENABLE_DEBUG_INFO = NO;
				SDKROOT = iphoneos;
				SWIFT_OPTIMIZATION_LEVEL = "-Owholemodule";
				VALIDATE_PRODUCT = YES;
			};
			name = Release;
		};
		B55333661E6DE7CA0007A23D /* Debug */ = {
			isa = XCBuildConfiguration;
			baseConfigurationReference = 7F346F116EAEEAA62FA14753 /* Pods-venture.debug.xcconfig */;
			buildSettings = {
				ASSETCATALOG_COMPILER_APPICON_NAME = AppIcon;
				DEVELOPMENT_TEAM = ELV7UPT49C;
				INFOPLIST_FILE = venture/Info.plist;
				LD_RUNPATH_SEARCH_PATHS = "$(inherited) @executable_path/Frameworks";
				PRODUCT_BUNDLE_IDENTIFIER = Group1.venture;
				PRODUCT_NAME = "$(TARGET_NAME)";
				SWIFT_VERSION = 3.0;
			};
			name = Debug;
		};
		B55333671E6DE7CA0007A23D /* Release */ = {
			isa = XCBuildConfiguration;
			baseConfigurationReference = 235F0C80EF579EC67AD24DD1 /* Pods-venture.release.xcconfig */;
			buildSettings = {
				ASSETCATALOG_COMPILER_APPICON_NAME = AppIcon;
				DEVELOPMENT_TEAM = ELV7UPT49C;
				INFOPLIST_FILE = venture/Info.plist;
				LD_RUNPATH_SEARCH_PATHS = "$(inherited) @executable_path/Frameworks";
				PRODUCT_BUNDLE_IDENTIFIER = Group1.venture;
				PRODUCT_NAME = "$(TARGET_NAME)";
				SWIFT_VERSION = 3.0;
			};
			name = Release;
		};
		B55333691E6DE7CA0007A23D /* Debug */ = {
			isa = XCBuildConfiguration;
			baseConfigurationReference = 2BB99AA1A4F9465BAAE5CBA4 /* Pods-ventureTests.debug.xcconfig */;
			buildSettings = {
				ALWAYS_EMBED_SWIFT_STANDARD_LIBRARIES = YES;
				BUNDLE_LOADER = "$(TEST_HOST)";
				INFOPLIST_FILE = ventureTests/Info.plist;
				LD_RUNPATH_SEARCH_PATHS = "$(inherited) @executable_path/Frameworks @loader_path/Frameworks";
				PRODUCT_BUNDLE_IDENTIFIER = Group1.ventureTests;
				PRODUCT_NAME = "$(TARGET_NAME)";
				SWIFT_VERSION = 3.0;
				TEST_HOST = "$(BUILT_PRODUCTS_DIR)/venture.app/venture";
			};
			name = Debug;
		};
		B553336A1E6DE7CA0007A23D /* Release */ = {
			isa = XCBuildConfiguration;
			baseConfigurationReference = CE4FBA887571E63DE18EC782 /* Pods-ventureTests.release.xcconfig */;
			buildSettings = {
				ALWAYS_EMBED_SWIFT_STANDARD_LIBRARIES = YES;
				BUNDLE_LOADER = "$(TEST_HOST)";
				INFOPLIST_FILE = ventureTests/Info.plist;
				LD_RUNPATH_SEARCH_PATHS = "$(inherited) @executable_path/Frameworks @loader_path/Frameworks";
				PRODUCT_BUNDLE_IDENTIFIER = Group1.ventureTests;
				PRODUCT_NAME = "$(TARGET_NAME)";
				SWIFT_VERSION = 3.0;
				TEST_HOST = "$(BUILT_PRODUCTS_DIR)/venture.app/venture";
			};
			name = Release;
		};
		B553336C1E6DE7CA0007A23D /* Debug */ = {
			isa = XCBuildConfiguration;
			baseConfigurationReference = 1B74A2BB07E35845655465E8 /* Pods-ventureUITests.debug.xcconfig */;
			buildSettings = {
				ALWAYS_EMBED_SWIFT_STANDARD_LIBRARIES = YES;
				INFOPLIST_FILE = ventureUITests/Info.plist;
				LD_RUNPATH_SEARCH_PATHS = "$(inherited) @executable_path/Frameworks @loader_path/Frameworks";
				PRODUCT_BUNDLE_IDENTIFIER = Group1.ventureUITests;
				PRODUCT_NAME = "$(TARGET_NAME)";
				SWIFT_VERSION = 3.0;
				TEST_TARGET_NAME = venture;
			};
			name = Debug;
		};
		B553336D1E6DE7CA0007A23D /* Release */ = {
			isa = XCBuildConfiguration;
			baseConfigurationReference = 190C920807B588D96C90DFCF /* Pods-ventureUITests.release.xcconfig */;
			buildSettings = {
				ALWAYS_EMBED_SWIFT_STANDARD_LIBRARIES = YES;
				INFOPLIST_FILE = ventureUITests/Info.plist;
				LD_RUNPATH_SEARCH_PATHS = "$(inherited) @executable_path/Frameworks @loader_path/Frameworks";
				PRODUCT_BUNDLE_IDENTIFIER = Group1.ventureUITests;
				PRODUCT_NAME = "$(TARGET_NAME)";
				SWIFT_VERSION = 3.0;
				TEST_TARGET_NAME = venture;
			};
			name = Release;
		};
/* End XCBuildConfiguration section */

/* Begin XCConfigurationList section */
		B55333351E6DE7C90007A23D /* Build configuration list for PBXProject "venture" */ = {
			isa = XCConfigurationList;
			buildConfigurations = (
				B55333631E6DE7CA0007A23D /* Debug */,
				B55333641E6DE7CA0007A23D /* Release */,
			);
			defaultConfigurationIsVisible = 0;
			defaultConfigurationName = Release;
		};
		B55333651E6DE7CA0007A23D /* Build configuration list for PBXNativeTarget "venture" */ = {
			isa = XCConfigurationList;
			buildConfigurations = (
				B55333661E6DE7CA0007A23D /* Debug */,
				B55333671E6DE7CA0007A23D /* Release */,
			);
			defaultConfigurationIsVisible = 0;
			defaultConfigurationName = Release;
		};
		B55333681E6DE7CA0007A23D /* Build configuration list for PBXNativeTarget "ventureTests" */ = {
			isa = XCConfigurationList;
			buildConfigurations = (
				B55333691E6DE7CA0007A23D /* Debug */,
				B553336A1E6DE7CA0007A23D /* Release */,
			);
			defaultConfigurationIsVisible = 0;
			defaultConfigurationName = Release;
		};
		B553336B1E6DE7CA0007A23D /* Build configuration list for PBXNativeTarget "ventureUITests" */ = {
			isa = XCConfigurationList;
			buildConfigurations = (
				B553336C1E6DE7CA0007A23D /* Debug */,
				B553336D1E6DE7CA0007A23D /* Release */,
			);
			defaultConfigurationIsVisible = 0;
			defaultConfigurationName = Release;
		};
/* End XCConfigurationList section */

/* Begin XCVersionGroup section */
		B55333441E6DE7CA0007A23D /* venture.xcdatamodeld */ = {
			isa = XCVersionGroup;
			children = (
				B55333451E6DE7CA0007A23D /* venture.xcdatamodel */,
			);
			currentVersion = B55333451E6DE7CA0007A23D /* venture.xcdatamodel */;
			path = venture.xcdatamodeld;
			sourceTree = "<group>";
			versionGroupType = wrapper.xcdatamodel;
		};
/* End XCVersionGroup section */
	};
	rootObject = B55333321E6DE7C90007A23D /* Project object */;
}
